
Microsoft Visual Studio Solution File, Format Version 12.00
# Visual Studio 15
VisualStudioVersion = 15.0.26501.0
MinimumVisualStudioVersion = 10.0.40219.1
Project("{9A19103F-16F7-4668-BE54-9A1E7A4F7556}") = "Nano", "Nano\Nano.csproj", "{131CF3A9-0B58-404A-B659-0242D75EDAE3}"
EndProject
Project("{E53339B2-1760-4266-BCC7-CA923CBCF16C}") = "docker-compose", "docker-compose.dcproj", "{321D9098-C71A-4696-A2C3-609A1B3E612E}"
EndProject
Global
	GlobalSection(SolutionConfigurationPlatforms) = preSolution
		Debug|Any CPU = Debug|Any CPU
		Release|Any CPU = Release|Any CPU
	EndGlobalSection
	GlobalSection(ProjectConfigurationPlatforms) = postSolution
		{131CF3A9-0B58-404A-B659-0242D75EDAE3}.Debug|Any CPU.ActiveCfg = Debug|Any CPU
		{131CF3A9-0B58-404A-B659-0242D75EDAE3}.Debug|Any CPU.Build.0 = Debug|Any CPU
		{131CF3A9-0B58-404A-B659-0242D75EDAE3}.Release|Any CPU.ActiveCfg = Release|Any CPU
		{131CF3A9-0B58-404A-B659-0242D75EDAE3}.Release|Any CPU.Build.0 = Release|Any CPU
		{321D9098-C71A-4696-A2C3-609A1B3E612E}.Debug|Any CPU.ActiveCfg = Debug|Any CPU
		{321D9098-C71A-4696-A2C3-609A1B3E612E}.Debug|Any CPU.Build.0 = Debug|Any CPU
		{321D9098-C71A-4696-A2C3-609A1B3E612E}.Release|Any CPU.ActiveCfg = Release|Any CPU
		{321D9098-C71A-4696-A2C3-609A1B3E612E}.Release|Any CPU.Build.0 = Release|Any CPU
	EndGlobalSection
	GlobalSection(SolutionProperties) = preSolution
		HideSolutionNode = FALSE
	EndGlobalSection
EndGlobal
