
Microsoft Visual Studio Solution File, Format Version 12.00
# Visual Studio 15
VisualStudioVersion = 15.0.26501.0
MinimumVisualStudioVersion = 10.0.40219.1
Project("{FAE04EC0-301F-11D3-BF4B-00C04F79EFBC}") = "Full15_3", "Full15_3\Full15_3.csproj", "{AD7B0B0C-D9CA-4781-A9DC-227E1135F285}"
EndProject
Project("{E53339B2-1760-4266-BCC7-CA923CBCF16C}") = "docker-compose", "docker-compose.dcproj", "{0EC7521C-D4D2-4D65-BA18-6EDE90E5D841}"
EndProject
Global
	GlobalSection(SolutionConfigurationPlatforms) = preSolution
		Debug|Any CPU = Debug|Any CPU
		Release|Any CPU = Release|Any CPU
	EndGlobalSection
	GlobalSection(ProjectConfigurationPlatforms) = postSolution
		{AD7B0B0C-D9CA-4781-A9DC-227E1135F285}.Debug|Any CPU.ActiveCfg = Debug|Any CPU
		{AD7B0B0C-D9CA-4781-A9DC-227E1135F285}.Debug|Any CPU.Build.0 = Debug|Any CPU
		{AD7B0B0C-D9CA-4781-A9DC-227E1135F285}.Release|Any CPU.ActiveCfg = Release|Any CPU
		{AD7B0B0C-D9CA-4781-A9DC-227E1135F285}.Release|Any CPU.Build.0 = Release|Any CPU
		{0EC7521C-D4D2-4D65-BA18-6EDE90E5D841}.Debug|Any CPU.ActiveCfg = Debug|Any CPU
		{0EC7521C-D4D2-4D65-BA18-6EDE90E5D841}.Debug|Any CPU.Build.0 = Debug|Any CPU
		{0EC7521C-D4D2-4D65-BA18-6EDE90E5D841}.Release|Any CPU.ActiveCfg = Release|Any CPU
		{0EC7521C-D4D2-4D65-BA18-6EDE90E5D841}.Release|Any CPU.Build.0 = Release|Any CPU
	EndGlobalSection
	GlobalSection(SolutionProperties) = preSolution
		HideSolutionNode = FALSE
	EndGlobalSection
EndGlobal
